
Microsoft Visual Studio Solution File, Format Version 12.00
# Visual Studio Version 16
VisualStudioVersion = 16.0.30517.126
MinimumVisualStudioVersion = 10.0.40219.1
Project("{8BC9CEB8-8B4A-11D0-8D11-00A0C91BC942}") = "双亲表示法的树", "双亲表示法的树.vcxproj", "{F7C2A2E3-8777-4E56-A26B-F598CB28419F}"
EndProject
Global
	GlobalSection(SolutionConfigurationPlatforms) = preSolution
		Debug|x64 = Debug|x64
		Debug|x86 = Debug|x86
		Release|x64 = Release|x64
		Release|x86 = Release|x86
	EndGlobalSection
	GlobalSection(ProjectConfigurationPlatforms) = postSolution
		{F7C2A2E3-8777-4E56-A26B-F598CB28419F}.Debug|x64.ActiveCfg = Debug|x64
		{F7C2A2E3-8777-4E56-A26B-F598CB28419F}.Debug|x64.Build.0 = Debug|x64
		{F7C2A2E3-8777-4E56-A26B-F598CB28419F}.Debug|x86.ActiveCfg = Debug|Win32
		{F7C2A2E3-8777-4E56-A26B-F598CB28419F}.Debug|x86.Build.0 = Debug|Win32
		{F7C2A2E3-8777-4E56-A26B-F598CB28419F}.Release|x64.ActiveCfg = Release|x64
		{F7C2A2E3-8777-4E56-A26B-F598CB28419F}.Release|x64.Build.0 = Release|x64
		{F7C2A2E3-8777-4E56-A26B-F598CB28419F}.Release|x86.ActiveCfg = Release|Win32
		{F7C2A2E3-8777-4E56-A26B-F598CB28419F}.Release|x86.Build.0 = Release|Win32
	EndGlobalSection
	GlobalSection(SolutionProperties) = preSolution
		HideSolutionNode = FALSE
	EndGlobalSection
	GlobalSection(ExtensibilityGlobals) = postSolution
		SolutionGuid = {92FA08C3-3F9A-4ECF-A69B-410E0270CCA0}
	EndGlobalSection
EndGlobal
