
Microsoft Visual Studio Solution File, Format Version 12.00
# Visual Studio Version 16
VisualStudioVersion = 16.0.30517.126
MinimumVisualStudioVersion = 10.0.40219.1
Project("{8BC9CEB8-8B4A-11D0-8D11-00A0C91BC942}") = "堆", "堆.vcxproj", "{2124F3A6-5E60-4D47-8525-14678592780F}"
EndProject
Global
	GlobalSection(SolutionConfigurationPlatforms) = preSolution
		Debug|x64 = Debug|x64
		Debug|x86 = Debug|x86
		Release|x64 = Release|x64
		Release|x86 = Release|x86
	EndGlobalSection
	GlobalSection(ProjectConfigurationPlatforms) = postSolution
		{2124F3A6-5E60-4D47-8525-14678592780F}.Debug|x64.ActiveCfg = Debug|x64
		{2124F3A6-5E60-4D47-8525-14678592780F}.Debug|x64.Build.0 = Debug|x64
		{2124F3A6-5E60-4D47-8525-14678592780F}.Debug|x86.ActiveCfg = Debug|Win32
		{2124F3A6-5E60-4D47-8525-14678592780F}.Debug|x86.Build.0 = Debug|Win32
		{2124F3A6-5E60-4D47-8525-14678592780F}.Release|x64.ActiveCfg = Release|x64
		{2124F3A6-5E60-4D47-8525-14678592780F}.Release|x64.Build.0 = Release|x64
		{2124F3A6-5E60-4D47-8525-14678592780F}.Release|x86.ActiveCfg = Release|Win32
		{2124F3A6-5E60-4D47-8525-14678592780F}.Release|x86.Build.0 = Release|Win32
	EndGlobalSection
	GlobalSection(SolutionProperties) = preSolution
		HideSolutionNode = FALSE
	EndGlobalSection
	GlobalSection(ExtensibilityGlobals) = postSolution
		SolutionGuid = {1EA3D691-D83B-4A3F-90E5-CF79DB0C1EE1}
	EndGlobalSection
EndGlobal
