
Microsoft Visual Studio Solution File, Format Version 12.00
# Visual Studio Version 16
VisualStudioVersion = 16.0.30517.126
MinimumVisualStudioVersion = 10.0.40219.1
Project("{8BC9CEB8-8B4A-11D0-8D11-00A0C91BC942}") = "双向链表", "双向链表.vcxproj", "{1DD8B9F2-D6D6-4536-B63E-5CAF8E1F0504}"
EndProject
Global
	GlobalSection(SolutionConfigurationPlatforms) = preSolution
		Debug|x64 = Debug|x64
		Debug|x86 = Debug|x86
		Release|x64 = Release|x64
		Release|x86 = Release|x86
	EndGlobalSection
	GlobalSection(ProjectConfigurationPlatforms) = postSolution
		{1DD8B9F2-D6D6-4536-B63E-5CAF8E1F0504}.Debug|x64.ActiveCfg = Debug|x64
		{1DD8B9F2-D6D6-4536-B63E-5CAF8E1F0504}.Debug|x64.Build.0 = Debug|x64
		{1DD8B9F2-D6D6-4536-B63E-5CAF8E1F0504}.Debug|x86.ActiveCfg = Debug|Win32
		{1DD8B9F2-D6D6-4536-B63E-5CAF8E1F0504}.Debug|x86.Build.0 = Debug|Win32
		{1DD8B9F2-D6D6-4536-B63E-5CAF8E1F0504}.Release|x64.ActiveCfg = Release|x64
		{1DD8B9F2-D6D6-4536-B63E-5CAF8E1F0504}.Release|x64.Build.0 = Release|x64
		{1DD8B9F2-D6D6-4536-B63E-5CAF8E1F0504}.Release|x86.ActiveCfg = Release|Win32
		{1DD8B9F2-D6D6-4536-B63E-5CAF8E1F0504}.Release|x86.Build.0 = Release|Win32
	EndGlobalSection
	GlobalSection(SolutionProperties) = preSolution
		HideSolutionNode = FALSE
	EndGlobalSection
	GlobalSection(ExtensibilityGlobals) = postSolution
		SolutionGuid = {A0E79D96-ED2B-43B3-BB80-67D9367A4998}
	EndGlobalSection
EndGlobal
